
Microsoft Visual Studio Solution File, Format Version 12.00
# Visual Studio Version 17
VisualStudioVersion = 17.1.32414.318
MinimumVisualStudioVersion = 10.0.40219.1
Project("{FAE04EC0-301F-11D3-BF4B-00C04F79EFBC}") = "ConsoleApp2", "ConsoleApp2\ConsoleApp2.csproj", "{D47C42CE-5B35-465D-9202-550DB3125CC3}"
EndProject
Project("{2150E333-8FDC-42A3-9474-1A3956D46DE8}") = "Solution Items", "Solution Items", "{DD40CDA3-4F62-4AA4-B258-589CBB4671D9}"
	ProjectSection(SolutionItems) = preProject
		.editorconfig = .editorconfig
	EndProjectSection
EndProject
Global
	GlobalSection(SolutionConfigurationPlatforms) = preSolution
		Debug|Any CPU = Debug|Any CPU
		Release|Any CPU = Release|Any CPU
	EndGlobalSection
	GlobalSection(ProjectConfigurationPlatforms) = postSolution
		{D47C42CE-5B35-465D-9202-550DB3125CC3}.Debug|Any CPU.ActiveCfg = Debug|Any CPU
		{D47C42CE-5B35-465D-9202-550DB3125CC3}.Debug|Any CPU.Build.0 = Debug|Any CPU
		{D47C42CE-5B35-465D-9202-550DB3125CC3}.Release|Any CPU.ActiveCfg = Release|Any CPU
		{D47C42CE-5B35-465D-9202-550DB3125CC3}.Release|Any CPU.Build.0 = Release|Any CPU
	EndGlobalSection
	GlobalSection(SolutionProperties) = preSolution
		HideSolutionNode = FALSE
	EndGlobalSection
	GlobalSection(ExtensibilityGlobals) = postSolution
		SolutionGuid = {5F0DC9CD-FBC6-43C6-9A14-A60F5828B032}
	EndGlobalSection
EndGlobal
